// !$*UTF8*$!
{
	archiveVersion = 1;
	classes = {
	};
	objectVersion = 56;
	objects = {

/* Begin PBXBuildFile section */
		F7BCD3382B2851A9008A948E /* AppDelegate.swift in Sources */ = {isa = PBXBuildFile; fileRef = F7BCD3372B2851A9008A948E /* AppDelegate.swift */; };
		F7BCD33A2B2851A9008A948E /* SceneDelegate.swift in Sources */ = {isa = PBXBuildFile; fileRef = F7BCD3392B2851A9008A948E /* SceneDelegate.swift */; };
		F7BCD33C2B2851A9008A948E /* ViewController.swift in Sources */ = {isa = PBXBuildFile; fileRef = F7BCD33B2B2851A9008A948E /* ViewController.swift */; };
		F7BCD33F2B2851A9008A948E /* Main.storyboard in Resources */ = {isa = PBXBuildFile; fileRef = F7BCD33D2B2851A9008A948E /* Main.storyboard */; };
		F7BCD3412B2851AB008A948E /* Assets.xcassets in Resources */ = {isa = PBXBuildFile; fileRef = F7BCD3402B2851AB008A948E /* Assets.xcassets */; };
		F7BCD3442B2851AB008A948E /* LaunchScreen.storyboard in Resources */ = {isa = PBXBuildFile; fileRef = F7BCD3422B2851AB008A948E /* LaunchScreen.storyboard */; };
		F7BCD34F2B2851AC008A948E /* CITestTests.swift in Sources */ = {isa = PBXBuildFile; fileRef = F7BCD34E2B2851AC008A948E /* CITestTests.swift */; };
		F7BCD3592B2851AC008A948E /* CITestUITests.swift in Sources */ = {isa = PBXBuildFile; fileRef = F7BCD3582B2851AC008A948E /* CITestUITests.swift */; };
		F7BCD35B2B2851AC008A948E /* CITestUITestsLaunchTests.swift in Sources */ = {isa = PBXBuildFile; fileRef = F7BCD35A2B2851AC008A948E /* CITestUITestsLaunchTests.swift */; };
/* End PBXBuildFile section */

/* Begin PBXContainerItemProxy section */
		F7BCD34B2B2851AC008A948E /* PBXContainerItemProxy */ = {
			isa = PBXContainerItemProxy;
			containerPortal = F7BCD32C2B2851A9008A948E /* Project object */;
			proxyType = 1;
			remoteGlobalIDString = F7BCD3332B2851A9008A948E;
			remoteInfo = CITest;
		};
		F7BCD3552B2851AC008A948E /* PBXContainerItemProxy */ = {
			isa = PBXContainerItemProxy;
			containerPortal = F7BCD32C2B2851A9008A948E /* Project object */;
			proxyType = 1;
			remoteGlobalIDString = F7BCD3332B2851A9008A948E;
			remoteInfo = CITest;
		};
/* End PBXContainerItemProxy section */

/* Begin PBXFileReference section */
		F7BCD3342B2851A9008A948E /* CITest.app */ = {isa = PBXFileReference; explicitFileType = wrapper.application; includeInIndex = 0; path = CITest.app; sourceTree = BUILT_PRODUCTS_DIR; };
		F7BCD3372B2851A9008A948E /* AppDelegate.swift */ = {isa = PBXFileReference; lastKnownFileType = sourcecode.swift; path = AppDelegate.swift; sourceTree = "<group>"; };
		F7BCD3392B2851A9008A948E /* SceneDelegate.swift */ = {isa = PBXFileReference; lastKnownFileType = sourcecode.swift; path = SceneDelegate.swift; sourceTree = "<group>"; };
		F7BCD33B2B2851A9008A948E /* ViewController.swift */ = {isa = PBXFileReference; lastKnownFileType = sourcecode.swift; path = ViewController.swift; sourceTree = "<group>"; };
		F7BCD33E2B2851A9008A948E /* Base */ = {isa = PBXFileReference; lastKnownFileType = file.storyboard; name = Base; path = Base.lproj/Main.storyboard; sourceTree = "<group>"; };
		F7BCD3402B2851AB008A948E /* Assets.xcassets */ = {isa = PBXFileReference; lastKnownFileType = folder.assetcatalog; path = Assets.xcassets; sourceTree = "<group>"; };
		F7BCD3432B2851AB008A948E /* Base */ = {isa = PBXFileReference; lastKnownFileType = file.storyboard; name = Base; path = Base.lproj/LaunchScreen.storyboard; sourceTree = "<group>"; };
		F7BCD3452B2851AB008A948E /* Info.plist */ = {isa = PBXFileReference; lastKnownFileType = text.plist.xml; path = Info.plist; sourceTree = "<group>"; };
		F7BCD34A2B2851AC008A948E /* CITestTests.xctest */ = {isa = PBXFileReference; explicitFileType = wrapper.cfbundle; includeInIndex = 0; path = CITestTests.xctest; sourceTree = BUILT_PRODUCTS_DIR; };
		F7BCD34E2B2851AC008A948E /* CITestTests.swift */ = {isa = PBXFileReference; lastKnownFileType = sourcecode.swift; path = CITestTests.swift; sourceTree = "<group>"; };
		F7BCD3542B2851AC008A948E /* CITestUITests.xctest */ = {isa = PBXFileReference; explicitFileType = wrapper.cfbundle; includeInIndex = 0; path = CITestUITests.xctest; sourceTree = BUILT_PRODUCTS_DIR; };
		F7BCD3582B2851AC008A948E /* CITestUITests.swift */ = {isa = PBXFileReference; lastKnownFileType = sourcecode.swift; path = CITestUITests.swift; sourceTree = "<group>"; };
		F7BCD35A2B2851AC008A948E /* CITestUITestsLaunchTests.swift */ = {isa = PBXFileReference; lastKnownFileType = sourcecode.swift; path = CITestUITestsLaunchTests.swift; sourceTree = "<group>"; };
/* End PBXFileReference section */

/* Begin PBXFrameworksBuildPhase section */
		F7BCD3312B2851A9008A948E /* Frameworks */ = {
			isa = PBXFrameworksBuildPhase;
			buildActionMask = 2147483647;
			files = (
			);
			runOnlyForDeploymentPostprocessing = 0;
		};
		F7BCD3472B2851AC008A948E /* Frameworks */ = {
			isa = PBXFrameworksBuildPhase;
			buildActionMask = 2147483647;
			files = (
			);
			runOnlyForDeploymentPostprocessing = 0;
		};
		F7BCD3512B2851AC008A948E /* Frameworks */ = {
			isa = PBXFrameworksBuildPhase;
			buildActionMask = 2147483647;
			files = (
			);
			runOnlyForDeploymentPostprocessing = 0;
		};
/* End PBXFrameworksBuildPhase section */

/* Begin PBXGroup section */
		F7BCD32B2B2851A9008A948E = {
			isa = PBXGroup;
			children = (
				F7BCD3362B2851A9008A948E /* CITest */,
				F7BCD34D2B2851AC008A948E /* CITestTests */,
				F7BCD3572B2851AC008A948E /* CITestUITests */,
				F7BCD3352B2851A9008A948E /* Products */,
			);
			sourceTree = "<group>";
		};
		F7BCD3352B2851A9008A948E /* Products */ = {
			isa = PBXGroup;
			children = (
				F7BCD3342B2851A9008A948E /* CITest.app */,
				F7BCD34A2B2851AC008A948E /* CITestTests.xctest */,
				F7BCD3542B2851AC008A948E /* CITestUITests.xctest */,
			);
			name = Products;
			sourceTree = "<group>";
		};
		F7BCD3362B2851A9008A948E /* CITest */ = {
			isa = PBXGroup;
			children = (
				F7BCD3372B2851A9008A948E /* AppDelegate.swift */,
				F7BCD3392B2851A9008A948E /* SceneDelegate.swift */,
				F7BCD33B2B2851A9008A948E /* ViewController.swift */,
				F7BCD33D2B2851A9008A948E /* Main.storyboard */,
				F7BCD3402B2851AB008A948E /* Assets.xcassets */,
				F7BCD3422B2851AB008A948E /* LaunchScreen.storyboard */,
				F7BCD3452B2851AB008A948E /* Info.plist */,
			);
			path = CITest;
			sourceTree = "<group>";
		};
		F7BCD34D2B2851AC008A948E /* CITestTests */ = {
			isa = PBXGroup;
			children = (
				F7BCD34E2B2851AC008A948E /* CITestTests.swift */,
			);
			path = CITestTests;
			sourceTree = "<group>";
		};
		F7BCD3572B2851AC008A948E /* CITestUITests */ = {
			isa = PBXGroup;
			children = (
				F7BCD3582B2851AC008A948E /* CITestUITests.swift */,
				F7BCD35A2B2851AC008A948E /* CITestUITestsLaunchTests.swift */,
			);
			path = CITestUITests;
			sourceTree = "<group>";
		};
/* End PBXGroup section */

/* Begin PBXNativeTarget section */
		F7BCD3332B2851A9008A948E /* CITest */ = {
			isa = PBXNativeTarget;
			buildConfigurationList = F7BCD35E2B2851AC008A948E /* Build configuration list for PBXNativeTarget "CITest" */;
			buildPhases = (
				F7BCD3302B2851A9008A948E /* Sources */,
				F7BCD3312B2851A9008A948E /* Frameworks */,
				F7BCD3322B2851A9008A948E /* Resources */,
			);
			buildRules = (
			);
			dependencies = (
			);
			name = CITest;
			productName = CITest;
			productReference = F7BCD3342B2851A9008A948E /* CITest.app */;
			productType = "com.apple.product-type.application";
		};
		F7BCD3492B2851AC008A948E /* CITestTests */ = {
			isa = PBXNativeTarget;
			buildConfigurationList = F7BCD3612B2851AC008A948E /* Build configuration list for PBXNativeTarget "CITestTests" */;
			buildPhases = (
				F7BCD3462B2851AC008A948E /* Sources */,
				F7BCD3472B2851AC008A948E /* Frameworks */,
				F7BCD3482B2851AC008A948E /* Resources */,
			);
			buildRules = (
			);
			dependencies = (
				F7BCD34C2B2851AC008A948E /* PBXTargetDependency */,
			);
			name = CITestTests;
			productName = CITestTests;
			productReference = F7BCD34A2B2851AC008A948E /* CITestTests.xctest */;
			productType = "com.apple.product-type.bundle.unit-test";
		};
		F7BCD3532B2851AC008A948E /* CITestUITests */ = {
			isa = PBXNativeTarget;
			buildConfigurationList = F7BCD3642B2851AC008A948E /* Build configuration list for PBXNativeTarget "CITestUITests" */;
			buildPhases = (
				F7BCD3502B2851AC008A948E /* Sources */,
				F7BCD3512B2851AC008A948E /* Frameworks */,
				F7BCD3522B2851AC008A948E /* Resources */,
			);
			buildRules = (
			);
			dependencies = (
				F7BCD3562B2851AC008A948E /* PBXTargetDependency */,
			);
			name = CITestUITests;
			productName = CITestUITests;
			productReference = F7BCD3542B2851AC008A948E /* CITestUITests.xctest */;
			productType = "com.apple.product-type.bundle.ui-testing";
		};
/* End PBXNativeTarget section */

/* Begin PBXProject section */
		F7BCD32C2B2851A9008A948E /* Project object */ = {
			isa = PBXProject;
			attributes = {
				BuildIndependentTargetsInParallel = 1;
				LastSwiftUpdateCheck = 1420;
				LastUpgradeCheck = 1420;
				TargetAttributes = {
					F7BCD3332B2851A9008A948E = {
						CreatedOnToolsVersion = 14.2;
					};
					F7BCD3492B2851AC008A948E = {
						CreatedOnToolsVersion = 14.2;
						TestTargetID = F7BCD3332B2851A9008A948E;
					};
					F7BCD3532B2851AC008A948E = {
						CreatedOnToolsVersion = 14.2;
						TestTargetID = F7BCD3332B2851A9008A948E;
					};
				};
			};
			buildConfigurationList = F7BCD32F2B2851A9008A948E /* Build configuration list for PBXProject "CITest" */;
			compatibilityVersion = "Xcode 14.0";
			developmentRegion = en;
			hasScannedForEncodings = 0;
			knownRegions = (
				en,
				Base,
			);
			mainGroup = F7BCD32B2B2851A9008A948E;
			productRefGroup = F7BCD3352B2851A9008A948E /* Products */;
			projectDirPath = "";
			projectRoot = "";
			targets = (
				F7BCD3332B2851A9008A948E /* CITest */,
				F7BCD3492B2851AC008A948E /* CITestTests */,
				F7BCD3532B2851AC008A948E /* CITestUITests */,
			);
		};
/* End PBXProject section */

/* Begin PBXResourcesBuildPhase section */
		F7BCD3322B2851A9008A948E /* Resources */ = {
			isa = PBXResourcesBuildPhase;
			buildActionMask = 2147483647;
			files = (
				F7BCD3442B2851AB008A948E /* LaunchScreen.storyboard in Resources */,
				F7BCD3412B2851AB008A948E /* Assets.xcassets in Resources */,
				F7BCD33F2B2851A9008A948E /* Main.storyboard in Resources */,
			);
			runOnlyForDeploymentPostprocessing = 0;
		};
		F7BCD3482B2851AC008A948E /* Resources */ = {
			isa = PBXResourcesBuildPhase;
			buildActionMask = 2147483647;
			files = (
			);
			runOnlyForDeploymentPostprocessing = 0;
		};
		F7BCD3522B2851AC008A948E /* Resources */ = {
			isa = PBXResourcesBuildPhase;
			buildActionMask = 2147483647;
			files = (
			);
			runOnlyForDeploymentPostprocessing = 0;
		};
/* End PBXResourcesBuildPhase section */

/* Begin PBXSourcesBuildPhase section */
		F7BCD3302B2851A9008A948E /* Sources */ = {
			isa = PBXSourcesBuildPhase;
			buildActionMask = 2147483647;
			files = (
				F7BCD33C2B2851A9008A948E /* ViewController.swift in Sources */,
				F7BCD3382B2851A9008A948E /* AppDelegate.swift in Sources */,
				F7BCD33A2B2851A9008A948E /* SceneDelegate.swift in Sources */,
			);
			runOnlyForDeploymentPostprocessing = 0;
		};
		F7BCD3462B2851AC008A948E /* Sources */ = {
			isa = PBXSourcesBuildPhase;
			buildActionMask = 2147483647;
			files = (
				F7BCD34F2B2851AC008A948E /* CITestTests.swift in Sources */,
			);
			runOnlyForDeploymentPostprocessing = 0;
		};
		F7BCD3502B2851AC008A948E /* Sources */ = {
			isa = PBXSourcesBuildPhase;
			buildActionMask = 2147483647;
			files = (
				F7BCD35B2B2851AC008A948E /* CITestUITestsLaunchTests.swift in Sources */,
				F7BCD3592B2851AC008A948E /* CITestUITests.swift in Sources */,
			);
			runOnlyForDeploymentPostprocessing = 0;
		};
/* End PBXSourcesBuildPhase section */

/* Begin PBXTargetDependency section */
		F7BCD34C2B2851AC008A948E /* PBXTargetDependency */ = {
			isa = PBXTargetDependency;
			target = F7BCD3332B2851A9008A948E /* CITest */;
			targetProxy = F7BCD34B2B2851AC008A948E /* PBXContainerItemProxy */;
		};
		F7BCD3562B2851AC008A948E /* PBXTargetDependency */ = {
			isa = PBXTargetDependency;
			target = F7BCD3332B2851A9008A948E /* CITest */;
			targetProxy = F7BCD3552B2851AC008A948E /* PBXContainerItemProxy */;
		};
/* End PBXTargetDependency section */

/* Begin PBXVariantGroup section */
		F7BCD33D2B2851A9008A948E /* Main.storyboard */ = {
			isa = PBXVariantGroup;
			children = (
				F7BCD33E2B2851A9008A948E /* Base */,
			);
			name = Main.storyboard;
			sourceTree = "<group>";
		};
		F7BCD3422B2851AB008A948E /* LaunchScreen.storyboard */ = {
			isa = PBXVariantGroup;
			children = (
				F7BCD3432B2851AB008A948E /* Base */,
			);
			name = LaunchScreen.storyboard;
			sourceTree = "<group>";
		};
/* End PBXVariantGroup section */

/* Begin XCBuildConfiguration section */
		F7BCD35C2B2851AC008A948E /* Debug */ = {
			isa = XCBuildConfiguration;
			buildSettings = {
				ALWAYS_SEARCH_USER_PATHS = NO;
				CLANG_ANALYZER_NONNULL = YES;
				CLANG_ANALYZER_NUMBER_OBJECT_CONVERSION = YES_AGGRESSIVE;
				CLANG_CXX_LANGUAGE_STANDARD = "gnu++20";
				CLANG_ENABLE_MODULES = YES;
				CLANG_ENABLE_OBJC_ARC = YES;
				CLANG_ENABLE_OBJC_WEAK = YES;
				CLANG_WARN_BLOCK_CAPTURE_AUTORELEASING = YES;
				CLANG_WARN_BOOL_CONVERSION = YES;
				CLANG_WARN_COMMA = YES;
				CLANG_WARN_CONSTANT_CONVERSION = YES;
				CLANG_WARN_DEPRECATED_OBJC_IMPLEMENTATIONS = YES;
				CLANG_WARN_DIRECT_OBJC_ISA_USAGE = YES_ERROR;
				CLANG_WARN_DOCUMENTATION_COMMENTS = YES;
				CLANG_WARN_EMPTY_BODY = YES;
				CLANG_WARN_ENUM_CONVERSION = YES;
				CLANG_WARN_INFINITE_RECURSION = YES;
				CLANG_WARN_INT_CONVERSION = YES;
				CLANG_WARN_NON_LITERAL_NULL_CONVERSION = YES;
				CLANG_WARN_OBJC_IMPLICIT_RETAIN_SELF = YES;
				CLANG_WARN_OBJC_LITERAL_CONVERSION = YES;
				CLANG_WARN_OBJC_ROOT_CLASS = YES_ERROR;
				CLANG_WARN_QUOTED_INCLUDE_IN_FRAMEWORK_HEADER = YES;
				CLANG_WARN_RANGE_LOOP_ANALYSIS = YES;
				CLANG_WARN_STRICT_PROTOTYPES = YES;
				CLANG_WARN_SUSPICIOUS_MOVE = YES;
				CLANG_WARN_UNGUARDED_AVAILABILITY = YES_AGGRESSIVE;
				CLANG_WARN_UNREACHABLE_CODE = YES;
				CLANG_WARN__DUPLICATE_METHOD_MATCH = YES;
				COPY_PHASE_STRIP = NO;
				DEBUG_INFORMATION_FORMAT = dwarf;
				ENABLE_STRICT_OBJC_MSGSEND = YES;
				ENABLE_TESTABILITY = YES;
				GCC_C_LANGUAGE_STANDARD = gnu11;
				GCC_DYNAMIC_NO_PIC = NO;
				GCC_NO_COMMON_BLOCKS = YES;
				GCC_OPTIMIZATION_LEVEL = 0;
				GCC_PREPROCESSOR_DEFINITIONS = (
					"DEBUG=1",
					"$(inherited)",
				);
				GCC_WARN_64_TO_32_BIT_CONVERSION = YES;
				GCC_WARN_ABOUT_RETURN_TYPE = YES_ERROR;
				GCC_WARN_UNDECLARED_SELECTOR = YES;
				GCC_WARN_UNINITIALIZED_AUTOS = YES_AGGRESSIVE;
				GCC_WARN_UNUSED_FUNCTION = YES;
				GCC_WARN_UNUSED_VARIABLE = YES;
				IPHONEOS_DEPLOYMENT_TARGET = 16.2;
				MTL_ENABLE_DEBUG_INFO = INCLUDE_SOURCE;
				MTL_FAST_MATH = YES;
				ONLY_ACTIVE_ARCH = YES;
				SDKROOT = iphoneos;
				SWIFT_ACTIVE_COMPILATION_CONDITIONS = DEBUG;
				SWIFT_OPTIMIZATION_LEVEL = "-Onone";
			};
			name = Debug;
		};
		F7BCD35D2B2851AC008A948E /* Release */ = {
			isa = XCBuildConfiguration;
			buildSettings = {
				ALWAYS_SEARCH_USER_PATHS = NO;
				CLANG_ANALYZER_NONNULL = YES;
				CLANG_ANALYZER_NUMBER_OBJECT_CONVERSION = YES_AGGRESSIVE;
				CLANG_CXX_LANGUAGE_STANDARD = "gnu++20";
				CLANG_ENABLE_MODULES = YES;
				CLANG_ENABLE_OBJC_ARC = YES;
				CLANG_ENABLE_OBJC_WEAK = YES;
				CLANG_WARN_BLOCK_CAPTURE_AUTORELEASING = YES;
				CLANG_WARN_BOOL_CONVERSION = YES;
				CLANG_WARN_COMMA = YES;
				CLANG_WARN_CONSTANT_CONVERSION = YES;
				CLANG_WARN_DEPRECATED_OBJC_IMPLEMENTATIONS = YES;
				CLANG_WARN_DIRECT_OBJC_ISA_USAGE = YES_ERROR;
				CLANG_WARN_DOCUMENTATION_COMMENTS = YES;
				CLANG_WARN_EMPTY_BODY = YES;
				CLANG_WARN_ENUM_CONVERSION = YES;
				CLANG_WARN_INFINITE_RECURSION = YES;
				CLANG_WARN_INT_CONVERSION = YES;
				CLANG_WARN_NON_LITERAL_NULL_CONVERSION = YES;
				CLANG_WARN_OBJC_IMPLICIT_RETAIN_SELF = YES;
				CLANG_WARN_OBJC_LITERAL_CONVERSION = YES;
				CLANG_WARN_OBJC_ROOT_CLASS = YES_ERROR;
				CLANG_WARN_QUOTED_INCLUDE_IN_FRAMEWORK_HEADER = YES;
				CLANG_WARN_RANGE_LOOP_ANALYSIS = YES;
				CLANG_WARN_STRICT_PROTOTYPES = YES;
				CLANG_WARN_SUSPICIOUS_MOVE = YES;
				CLANG_WARN_UNGUARDED_AVAILABILITY = YES_AGGRESSIVE;
				CLANG_WARN_UNREACHABLE_CODE = YES;
				CLANG_WARN__DUPLICATE_METHOD_MATCH = YES;
				COPY_PHASE_STRIP = NO;
				DEBUG_INFORMATION_FORMAT = "dwarf-with-dsym";
				ENABLE_NS_ASSERTIONS = NO;
				ENABLE_STRICT_OBJC_MSGSEND = YES;
				GCC_C_LANGUAGE_STANDARD = gnu11;
				GCC_NO_COMMON_BLOCKS = YES;
				GCC_WARN_64_TO_32_BIT_CONVERSION = YES;
				GCC_WARN_ABOUT_RETURN_TYPE = YES_ERROR;
				GCC_WARN_UNDECLARED_SELECTOR = YES;
				GCC_WARN_UNINITIALIZED_AUTOS = YES_AGGRESSIVE;
				GCC_WARN_UNUSED_FUNCTION = YES;
				GCC_WARN_UNUSED_VARIABLE = YES;
				IPHONEOS_DEPLOYMENT_TARGET = 16.2;
				MTL_ENABLE_DEBUG_INFO = NO;
				MTL_FAST_MATH = YES;
				SDKROOT = iphoneos;
				SWIFT_COMPILATION_MODE = wholemodule;
				SWIFT_OPTIMIZATION_LEVEL = "-O";
				VALIDATE_PRODUCT = YES;
			};
			name = Release;
		};
		F7BCD35F2B2851AC008A948E /* Debug */ = {
			isa = XCBuildConfiguration;
			buildSettings = {
				ASSETCATALOG_COMPILER_APPICON_NAME = AppIcon;
				ASSETCATALOG_COMPILER_GLOBAL_ACCENT_COLOR_NAME = AccentColor;
				CODE_SIGN_STYLE = Automatic;
				CURRENT_PROJECT_VERSION = 1;
				DEVELOPMENT_TEAM = W8BPPN69TY;
				GENERATE_INFOPLIST_FILE = YES;
				INFOPLIST_FILE = CITest/Info.plist;
				INFOPLIST_KEY_UIApplicationSupportsIndirectInputEvents = YES;
				INFOPLIST_KEY_UILaunchStoryboardName = LaunchScreen;
				INFOPLIST_KEY_UIMainStoryboardFile = Main;
				INFOPLIST_KEY_UISupportedInterfaceOrientations_iPad = "UIInterfaceOrientationPortrait UIInterfaceOrientationPortraitUpsideDown UIInterfaceOrientationLandscapeLeft UIInterfaceOrientationLandscapeRight";
				INFOPLIST_KEY_UISupportedInterfaceOrientations_iPhone = "UIInterfaceOrientationPortrait UIInterfaceOrientationLandscapeLeft UIInterfaceOrientationLandscapeRight";
				LD_RUNPATH_SEARCH_PATHS = (
					"$(inherited)",
					"@executable_path/Frameworks",
				);
				MARKETING_VERSION = 1.0;
				PRODUCT_BUNDLE_IDENTIFIER = zennioptical.CITest;
				PRODUCT_NAME = "$(TARGET_NAME)";
				SWIFT_EMIT_LOC_STRINGS = YES;
				SWIFT_VERSION = 5.0;
				TARGETED_DEVICE_FAMILY = "1,2";
			};
			name = Debug;
		};
		F7BCD3602B2851AC008A948E /* Release */ = {
			isa = XCBuildConfiguration;
			buildSettings = {
				ASSETCATALOG_COMPILER_APPICON_NAME = AppIcon;
				ASSETCATALOG_COMPILER_GLOBAL_ACCENT_COLOR_NAME = AccentColor;
				CODE_SIGN_STYLE = Automatic;
				CURRENT_PROJECT_VERSION = 1;
				DEVELOPMENT_TEAM = W8BPPN69TY;
				GENERATE_INFOPLIST_FILE = YES;
				INFOPLIST_FILE = CITest/Info.plist;
				INFOPLIST_KEY_UIApplicationSupportsIndirectInputEvents = YES;
				INFOPLIST_KEY_UILaunchStoryboardName = LaunchScreen;
				INFOPLIST_KEY_UIMainStoryboardFile = Main;
				INFOPLIST_KEY_UISupportedInterfaceOrientations_iPad = "UIInterfaceOrientationPortrait UIInterfaceOrientationPortraitUpsideDown UIInterfaceOrientationLandscapeLeft UIInterfaceOrientationLandscapeRight";
				INFOPLIST_KEY_UISupportedInterfaceOrientations_iPhone = "UIInterfaceOrientationPortrait UIInterfaceOrientationLandscapeLeft UIInterfaceOrientationLandscapeRight";
				LD_RUNPATH_SEARCH_PATHS = (
					"$(inherited)",
					"@executable_path/Frameworks",
				);
				MARKETING_VERSION = 1.0;
				PRODUCT_BUNDLE_IDENTIFIER = zennioptical.CITest;
				PRODUCT_NAME = "$(TARGET_NAME)";
				SWIFT_EMIT_LOC_STRINGS = YES;
				SWIFT_VERSION = 5.0;
				TARGETED_DEVICE_FAMILY = "1,2";
			};
			name = Release;
		};
		F7BCD3622B2851AC008A948E /* Debug */ = {
			isa = XCBuildConfiguration;
			buildSettings = {
				ALWAYS_EMBED_SWIFT_STANDARD_LIBRARIES = YES;
				BUNDLE_LOADER = "$(TEST_HOST)";
				CODE_SIGN_STYLE = Automatic;
				CURRENT_PROJECT_VERSION = 1;
				DEVELOPMENT_TEAM = W8BPPN69TY;
				GENERATE_INFOPLIST_FILE = YES;
				IPHONEOS_DEPLOYMENT_TARGET = 16.2;
				MARKETING_VERSION = 1.0;
				PRODUCT_BUNDLE_IDENTIFIER = zennioptical.CITestTests;
				PRODUCT_NAME = "$(TARGET_NAME)";
				SWIFT_EMIT_LOC_STRINGS = NO;
				SWIFT_VERSION = 5.0;
				TARGETED_DEVICE_FAMILY = "1,2";
				TEST_HOST = "$(BUILT_PRODUCTS_DIR)/CITest.app/$(BUNDLE_EXECUTABLE_FOLDER_PATH)/CITest";
			};
			name = Debug;
		};
		F7BCD3632B2851AC008A948E /* Release */ = {
			isa = XCBuildConfiguration;
			buildSettings = {
				ALWAYS_EMBED_SWIFT_STANDARD_LIBRARIES = YES;
				BUNDLE_LOADER = "$(TEST_HOST)";
				CODE_SIGN_STYLE = Automatic;
				CURRENT_PROJECT_VERSION = 1;
				DEVELOPMENT_TEAM = W8BPPN69TY;
				GENERATE_INFOPLIST_FILE = YES;
				IPHONEOS_DEPLOYMENT_TARGET = 16.2;
				MARKETING_VERSION = 1.0;
				PRODUCT_BUNDLE_IDENTIFIER = zennioptical.CITestTests;
				PRODUCT_NAME = "$(TARGET_NAME)";
				SWIFT_EMIT_LOC_STRINGS = NO;
				SWIFT_VERSION = 5.0;
				TARGETED_DEVICE_FAMILY = "1,2";
				TEST_HOST = "$(BUILT_PRODUCTS_DIR)/CITest.app/$(BUNDLE_EXECUTABLE_FOLDER_PATH)/CITest";
			};
			name = Release;
		};
		F7BCD3652B2851AC008A948E /* Debug */ = {
			isa = XCBuildConfiguration;
			buildSettings = {
				ALWAYS_EMBED_SWIFT_STANDARD_LIBRARIES = YES;
				CODE_SIGN_STYLE = Automatic;
				CURRENT_PROJECT_VERSION = 1;
				DEVELOPMENT_TEAM = W8BPPN69TY;
				GENERATE_INFOPLIST_FILE = YES;
				MARKETING_VERSION = 1.0;
				PRODUCT_BUNDLE_IDENTIFIER = zennioptical.CITestUITests;
				PRODUCT_NAME = "$(TARGET_NAME)";
				SWIFT_EMIT_LOC_STRINGS = NO;
				SWIFT_VERSION = 5.0;
				TARGETED_DEVICE_FAMILY = "1,2";
				TEST_TARGET_NAME = CITest;
			};
			name = Debug;
		};
		F7BCD3662B2851AC008A948E /* Release */ = {
			isa = XCBuildConfiguration;
			buildSettings = {
				ALWAYS_EMBED_SWIFT_STANDARD_LIBRARIES = YES;
				CODE_SIGN_STYLE = Automatic;
				CURRENT_PROJECT_VERSION = 1;
				DEVELOPMENT_TEAM = W8BPPN69TY;
				GENERATE_INFOPLIST_FILE = YES;
				MARKETING_VERSION = 1.0;
				PRODUCT_BUNDLE_IDENTIFIER = zennioptical.CITestUITests;
				PRODUCT_NAME = "$(TARGET_NAME)";
				SWIFT_EMIT_LOC_STRINGS = NO;
				SWIFT_VERSION = 5.0;
				TARGETED_DEVICE_FAMILY = "1,2";
				TEST_TARGET_NAME = CITest;
			};
			name = Release;
		};
/* End XCBuildConfiguration section */

/* Begin XCConfigurationList section */
		F7BCD32F2B2851A9008A948E /* Build configuration list for PBXProject "CITest" */ = {
			isa = XCConfigurationList;
			buildConfigurations = (
				F7BCD35C2B2851AC008A948E /* Debug */,
				F7BCD35D2B2851AC008A948E /* Release */,
			);
			defaultConfigurationIsVisible = 0;
			defaultConfigurationName = Release;
		};
		F7BCD35E2B2851AC008A948E /* Build configuration list for PBXNativeTarget "CITest" */ = {
			isa = XCConfigurationList;
			buildConfigurations = (
				F7BCD35F2B2851AC008A948E /* Debug */,
				F7BCD3602B2851AC008A948E /* Release */,
			);
			defaultConfigurationIsVisible = 0;
			defaultConfigurationName = Release;
		};
		F7BCD3612B2851AC008A948E /* Build configuration list for PBXNativeTarget "CITestTests" */ = {
			isa = XCConfigurationList;
			buildConfigurations = (
				F7BCD3622B2851AC008A948E /* Debug */,
				F7BCD3632B2851AC008A948E /* Release */,
			);
			defaultConfigurationIsVisible = 0;
			defaultConfigurationName = Release;
		};
		F7BCD3642B2851AC008A948E /* Build configuration list for PBXNativeTarget "CITestUITests" */ = {
			isa = XCConfigurationList;
			buildConfigurations = (
				F7BCD3652B2851AC008A948E /* Debug */,
				F7BCD3662B2851AC008A948E /* Release */,
			);
			defaultConfigurationIsVisible = 0;
			defaultConfigurationName = Release;
		};
/* End XCConfigurationList section */
	};
	rootObject = F7BCD32C2B2851A9008A948E /* Project object */;
}
